
Microsoft Visual Studio Solution File, Format Version 12.00
# Visual Studio Version 16
VisualStudioVersion = 16.0.30907.101
MinimumVisualStudioVersion = 10.0.40219.1
Project("{FAE04EC0-301F-11D3-BF4B-00C04F79EFBC}") = "MySecondWindowsFormsApp", "MySecondWindowsFormsApp.csproj", "{DEA190EE-71FD-40F4-B921-846D7C0055B2}"
EndProject
Global
	GlobalSection(SolutionConfigurationPlatforms) = preSolution
		Debug|Any CPU = Debug|Any CPU
		Release|Any CPU = Release|Any CPU
	EndGlobalSection
	GlobalSection(ProjectConfigurationPlatforms) = postSolution
		{DEA190EE-71FD-40F4-B921-846D7C0055B2}.Debug|Any CPU.ActiveCfg = Debug|Any CPU
		{DEA190EE-71FD-40F4-B921-846D7C0055B2}.Debug|Any CPU.Build.0 = Debug|Any CPU
		{DEA190EE-71FD-40F4-B921-846D7C0055B2}.Release|Any CPU.ActiveCfg = Release|Any CPU
		{DEA190EE-71FD-40F4-B921-846D7C0055B2}.Release|Any CPU.Build.0 = Release|Any CPU
	EndGlobalSection
	GlobalSection(SolutionProperties) = preSolution
		HideSolutionNode = FALSE
	EndGlobalSection
	GlobalSection(ExtensibilityGlobals) = postSolution
		SolutionGuid = {522AA861-040D-4CAA-9466-75E35482B1BD}
	EndGlobalSection
EndGlobal
